// !$*UTF8*$!
{
	archiveVersion = 1;
	classes = {
	};
	objectVersion = 46;
	objects = {

/* Begin PBXBuildFile section */
		B24F65E51C0AC43E00C7EA85 /* Utils.cpp in Sources */ = {isa = PBXBuildFile; fileRef = B24F65E31C0AC43E00C7EA85 /* Utils.cpp */; };
		B27DA3531B425867006755E7 /* FindMedian.c in Sources */ = {isa = PBXBuildFile; fileRef = B27DA3511B425867006755E7 /* FindMedian.c */; };
		B2A703B71B3274760011EC87 /* main.cpp in Sources */ = {isa = PBXBuildFile; fileRef = B2A703B61B3274760011EC87 /* main.cpp */; };
		B2CD00BC1C2A6F9D00C253A0 /* Level1.cpp in Sources */ = {isa = PBXBuildFile; fileRef = B2A703BD1B3275270011EC87 /* Level1.cpp */; };
		B2CD00BD1C2A6F9D00C253A0 /* Level2.cpp in Sources */ = {isa = PBXBuildFile; fileRef = B297C5261B4B8DE1005936C8 /* Level2.cpp */; };
		B2CD00BE1C2A6F9D00C253A0 /* Level3.cpp in Sources */ = {isa = PBXBuildFile; fileRef = B245C6C01B6B2A9A00006EF0 /* Level3.cpp */; };
		B2CD00BF1C2A6F9D00C253A0 /* Level4.cpp in Sources */ = {isa = PBXBuildFile; fileRef = B2481FFE1B940446009FB1BC /* Level4.cpp */; };
		B2CD00C01C2A6F9D00C253A0 /* Level5.cpp in Sources */ = {isa = PBXBuildFile; fileRef = B21551A91BD20B9000D5B6F8 /* Level5.cpp */; };
		B2CD00C11C2A6F9D00C253A0 /* Level6.cpp in Sources */ = {isa = PBXBuildFile; fileRef = B21974D01BF7029100F60937 /* Level6.cpp */; };
		B2CD00C21C2A6F9D00C253A0 /* Level7.cpp in Sources */ = {isa = PBXBuildFile; fileRef = B24F65E01C01955900C7EA85 /* Level7.cpp */; };
		B2CD00C31C2A6F9D00C253A0 /* Level8.cpp in Sources */ = {isa = PBXBuildFile; fileRef = B24F65E61C12A7D600C7EA85 /* Level8.cpp */; };
		B2CD00C41C2A6F9D00C253A0 /* Level9.cpp in Sources */ = {isa = PBXBuildFile; fileRef = B2CD00B61C2A6BE700C253A0 /* Level9.cpp */; };
/* End PBXBuildFile section */

/* Begin PBXCopyFilesBuildPhase section */
		B2A703B11B3274760011EC87 /* CopyFiles */ = {
			isa = PBXCopyFilesBuildPhase;
			buildActionMask = 2147483647;
			dstPath = /usr/share/man/man1/;
			dstSubfolderSpec = 0;
			files = (
			);
			runOnlyForDeploymentPostprocessing = 1;
		};
/* End PBXCopyFilesBuildPhase section */

/* Begin PBXFileReference section */
		B21551A91BD20B9000D5B6F8 /* Level5.cpp */ = {isa = PBXFileReference; fileEncoding = 4; lastKnownFileType = sourcecode.cpp.cpp; path = Level5.cpp; sourceTree = "<group>"; };
		B21974D01BF7029100F60937 /* Level6.cpp */ = {isa = PBXFileReference; fileEncoding = 4; lastKnownFileType = sourcecode.cpp.cpp; path = Level6.cpp; sourceTree = "<group>"; };
		B245C6C01B6B2A9A00006EF0 /* Level3.cpp */ = {isa = PBXFileReference; fileEncoding = 4; lastKnownFileType = sourcecode.cpp.cpp; path = Level3.cpp; sourceTree = "<group>"; };
		B2481FFE1B940446009FB1BC /* Level4.cpp */ = {isa = PBXFileReference; fileEncoding = 4; lastKnownFileType = sourcecode.cpp.cpp; path = Level4.cpp; sourceTree = "<group>"; };
		B24F65E01C01955900C7EA85 /* Level7.cpp */ = {isa = PBXFileReference; fileEncoding = 4; lastKnownFileType = sourcecode.cpp.cpp; path = Level7.cpp; sourceTree = "<group>"; };
		B24F65E31C0AC43E00C7EA85 /* Utils.cpp */ = {isa = PBXFileReference; fileEncoding = 4; lastKnownFileType = sourcecode.cpp.cpp; path = Utils.cpp; sourceTree = "<group>"; };
		B24F65E41C0AC43E00C7EA85 /* Utils.h */ = {isa = PBXFileReference; fileEncoding = 4; lastKnownFileType = sourcecode.c.h; path = Utils.h; sourceTree = "<group>"; };
		B24F65E61C12A7D600C7EA85 /* Level8.cpp */ = {isa = PBXFileReference; fileEncoding = 4; lastKnownFileType = sourcecode.cpp.cpp; path = Level8.cpp; sourceTree = "<group>"; };
		B27DA3511B425867006755E7 /* FindMedian.c */ = {isa = PBXFileReference; fileEncoding = 4; lastKnownFileType = sourcecode.c.c; path = FindMedian.c; sourceTree = "<group>"; };
		B27DA3521B425867006755E7 /* FindMedian.h */ = {isa = PBXFileReference; fileEncoding = 4; lastKnownFileType = sourcecode.c.h; path = FindMedian.h; sourceTree = "<group>"; };
		B297C5261B4B8DE1005936C8 /* Level2.cpp */ = {isa = PBXFileReference; fileEncoding = 4; lastKnownFileType = sourcecode.cpp.cpp; path = Level2.cpp; sourceTree = "<group>"; };
		B2A703B31B3274760011EC87 /* XProject */ = {isa = PBXFileReference; explicitFileType = "compiled.mach-o.executable"; includeInIndex = 0; path = XProject; sourceTree = BUILT_PRODUCTS_DIR; };
		B2A703B61B3274760011EC87 /* main.cpp */ = {isa = PBXFileReference; lastKnownFileType = sourcecode.cpp.cpp; path = main.cpp; sourceTree = "<group>"; };
		B2A703BD1B3275270011EC87 /* Level1.cpp */ = {isa = PBXFileReference; fileEncoding = 4; lastKnownFileType = sourcecode.cpp.cpp; path = Level1.cpp; sourceTree = "<group>"; };
		B2CD00B61C2A6BE700C253A0 /* Level9.cpp */ = {isa = PBXFileReference; fileEncoding = 4; lastKnownFileType = sourcecode.cpp.cpp; path = Level9.cpp; sourceTree = "<group>"; };
		B2CD00BA1C2A6C4A00C253A0 /* Level.h */ = {isa = PBXFileReference; fileEncoding = 4; lastKnownFileType = sourcecode.c.h; path = Level.h; sourceTree = "<group>"; };
/* End PBXFileReference section */

/* Begin PBXFrameworksBuildPhase section */
		B2A703B01B3274760011EC87 /* Frameworks */ = {
			isa = PBXFrameworksBuildPhase;
			buildActionMask = 2147483647;
			files = (
			);
			runOnlyForDeploymentPostprocessing = 0;
		};
/* End PBXFrameworksBuildPhase section */

/* Begin PBXGroup section */
		B2A703AA1B3274760011EC87 = {
			isa = PBXGroup;
			children = (
				B2A703B51B3274760011EC87 /* XProject */,
				B2A703B41B3274760011EC87 /* Products */,
			);
			sourceTree = "<group>";
		};
		B2A703B41B3274760011EC87 /* Products */ = {
			isa = PBXGroup;
			children = (
				B2A703B31B3274760011EC87 /* XProject */,
			);
			name = Products;
			sourceTree = "<group>";
		};
		B2A703B51B3274760011EC87 /* XProject */ = {
			isa = PBXGroup;
			children = (
				B2A703B61B3274760011EC87 /* main.cpp */,
				B2CD00BA1C2A6C4A00C253A0 /* Level.h */,
				B27DA3511B425867006755E7 /* FindMedian.c */,
				B27DA3521B425867006755E7 /* FindMedian.h */,
				B2A703BD1B3275270011EC87 /* Level1.cpp */,
				B297C5261B4B8DE1005936C8 /* Level2.cpp */,
				B245C6C01B6B2A9A00006EF0 /* Level3.cpp */,
				B2481FFE1B940446009FB1BC /* Level4.cpp */,
				B21551A91BD20B9000D5B6F8 /* Level5.cpp */,
				B21974D01BF7029100F60937 /* Level6.cpp */,
				B24F65E01C01955900C7EA85 /* Level7.cpp */,
				B24F65E61C12A7D600C7EA85 /* Level8.cpp */,
				B2CD00B61C2A6BE700C253A0 /* Level9.cpp */,
				B24F65E31C0AC43E00C7EA85 /* Utils.cpp */,
				B24F65E41C0AC43E00C7EA85 /* Utils.h */,
			);
			path = XProject;
			sourceTree = "<group>";
		};
/* End PBXGroup section */

/* Begin PBXNativeTarget section */
		B2A703B21B3274760011EC87 /* XProject */ = {
			isa = PBXNativeTarget;
			buildConfigurationList = B2A703BA1B3274760011EC87 /* Build configuration list for PBXNativeTarget "XProject" */;
			buildPhases = (
				B2A703AF1B3274760011EC87 /* Sources */,
				B2A703B01B3274760011EC87 /* Frameworks */,
				B2A703B11B3274760011EC87 /* CopyFiles */,
			);
			buildRules = (
			);
			dependencies = (
			);
			name = XProject;
			productName = XProject;
			productReference = B2A703B31B3274760011EC87 /* XProject */;
			productType = "com.apple.product-type.tool";
		};
/* End PBXNativeTarget section */

/* Begin PBXProject section */
		B2A703AB1B3274760011EC87 /* Project object */ = {
			isa = PBXProject;
			attributes = {
				LastUpgradeCheck = 0630;
				ORGANIZATIONNAME = "Roye Li";
				TargetAttributes = {
					B2A703B21B3274760011EC87 = {
						CreatedOnToolsVersion = 6.3.2;
					};
				};
			};
			buildConfigurationList = B2A703AE1B3274760011EC87 /* Build configuration list for PBXProject "XProject" */;
			compatibilityVersion = "Xcode 3.2";
			developmentRegion = English;
			hasScannedForEncodings = 0;
			knownRegions = (
				en,
			);
			mainGroup = B2A703AA1B3274760011EC87;
			productRefGroup = B2A703B41B3274760011EC87 /* Products */;
			projectDirPath = "";
			projectRoot = "";
			targets = (
				B2A703B21B3274760011EC87 /* XProject */,
			);
		};
/* End PBXProject section */

/* Begin PBXSourcesBuildPhase section */
		B2A703AF1B3274760011EC87 /* Sources */ = {
			isa = PBXSourcesBuildPhase;
			buildActionMask = 2147483647;
			files = (
				B2CD00BC1C2A6F9D00C253A0 /* Level1.cpp in Sources */,
				B2CD00BD1C2A6F9D00C253A0 /* Level2.cpp in Sources */,
				B2CD00BE1C2A6F9D00C253A0 /* Level3.cpp in Sources */,
				B2CD00BF1C2A6F9D00C253A0 /* Level4.cpp in Sources */,
				B2CD00C01C2A6F9D00C253A0 /* Level5.cpp in Sources */,
				B2CD00C11C2A6F9D00C253A0 /* Level6.cpp in Sources */,
				B2CD00C21C2A6F9D00C253A0 /* Level7.cpp in Sources */,
				B2CD00C31C2A6F9D00C253A0 /* Level8.cpp in Sources */,
				B2CD00C41C2A6F9D00C253A0 /* Level9.cpp in Sources */,
				B24F65E51C0AC43E00C7EA85 /* Utils.cpp in Sources */,
				B2A703B71B3274760011EC87 /* main.cpp in Sources */,
				B27DA3531B425867006755E7 /* FindMedian.c in Sources */,
			);
			runOnlyForDeploymentPostprocessing = 0;
		};
/* End PBXSourcesBuildPhase section */

/* Begin XCBuildConfiguration section */
		B2A703B81B3274760011EC87 /* Debug */ = {
			isa = XCBuildConfiguration;
			buildSettings = {
				ALWAYS_SEARCH_USER_PATHS = NO;
				CLANG_CXX_LANGUAGE_STANDARD = "gnu++0x";
				CLANG_CXX_LIBRARY = "libc++";
				CLANG_ENABLE_MODULES = YES;
				CLANG_ENABLE_OBJC_ARC = YES;
				CLANG_WARN_BOOL_CONVERSION = YES;
				CLANG_WARN_CONSTANT_CONVERSION = YES;
				CLANG_WARN_DIRECT_OBJC_ISA_USAGE = YES_ERROR;
				CLANG_WARN_EMPTY_BODY = YES;
				CLANG_WARN_ENUM_CONVERSION = YES;
				CLANG_WARN_INT_CONVERSION = YES;
				CLANG_WARN_OBJC_ROOT_CLASS = YES_ERROR;
				CLANG_WARN_UNREACHABLE_CODE = YES;
				CLANG_WARN__DUPLICATE_METHOD_MATCH = YES;
				COPY_PHASE_STRIP = NO;
				DEBUG_INFORMATION_FORMAT = dwarf;
				ENABLE_STRICT_OBJC_MSGSEND = YES;
				GCC_C_LANGUAGE_STANDARD = gnu99;
				GCC_DYNAMIC_NO_PIC = NO;
				GCC_NO_COMMON_BLOCKS = YES;
				GCC_OPTIMIZATION_LEVEL = 0;
				GCC_PREPROCESSOR_DEFINITIONS = (
					"DEBUG=1",
					"$(inherited)",
				);
				GCC_SYMBOLS_PRIVATE_EXTERN = NO;
				GCC_WARN_64_TO_32_BIT_CONVERSION = YES;
				GCC_WARN_ABOUT_RETURN_TYPE = YES_ERROR;
				GCC_WARN_UNDECLARED_SELECTOR = YES;
				GCC_WARN_UNINITIALIZED_AUTOS = YES_AGGRESSIVE;
				GCC_WARN_UNUSED_FUNCTION = YES;
				GCC_WARN_UNUSED_VARIABLE = YES;
				MACOSX_DEPLOYMENT_TARGET = 10.10;
				MTL_ENABLE_DEBUG_INFO = YES;
				ONLY_ACTIVE_ARCH = YES;
				SDKROOT = macosx;
			};
			name = Debug;
		};
		B2A703B91B3274760011EC87 /* Release */ = {
			isa = XCBuildConfiguration;
			buildSettings = {
				ALWAYS_SEARCH_USER_PATHS = NO;
				CLANG_CXX_LANGUAGE_STANDARD = "gnu++0x";
				CLANG_CXX_LIBRARY = "libc++";
				CLANG_ENABLE_MODULES = YES;
				CLANG_ENABLE_OBJC_ARC = YES;
				CLANG_WARN_BOOL_CONVERSION = YES;
				CLANG_WARN_CONSTANT_CONVERSION = YES;
				CLANG_WARN_DIRECT_OBJC_ISA_USAGE = YES_ERROR;
				CLANG_WARN_EMPTY_BODY = YES;
				CLANG_WARN_ENUM_CONVERSION = YES;
				CLANG_WARN_INT_CONVERSION = YES;
				CLANG_WARN_OBJC_ROOT_CLASS = YES_ERROR;
				CLANG_WARN_UNREACHABLE_CODE = YES;
				CLANG_WARN__DUPLICATE_METHOD_MATCH = YES;
				COPY_PHASE_STRIP = NO;
				DEBUG_INFORMATION_FORMAT = "dwarf-with-dsym";
				ENABLE_NS_ASSERTIONS = NO;
				ENABLE_STRICT_OBJC_MSGSEND = YES;
				GCC_C_LANGUAGE_STANDARD = gnu99;
				GCC_NO_COMMON_BLOCKS = YES;
				GCC_WARN_64_TO_32_BIT_CONVERSION = YES;
				GCC_WARN_ABOUT_RETURN_TYPE = YES_ERROR;
				GCC_WARN_UNDECLARED_SELECTOR = YES;
				GCC_WARN_UNINITIALIZED_AUTOS = YES_AGGRESSIVE;
				GCC_WARN_UNUSED_FUNCTION = YES;
				GCC_WARN_UNUSED_VARIABLE = YES;
				MACOSX_DEPLOYMENT_TARGET = 10.10;
				MTL_ENABLE_DEBUG_INFO = NO;
				SDKROOT = macosx;
			};
			name = Release;
		};
		B2A703BB1B3274760011EC87 /* Debug */ = {
			isa = XCBuildConfiguration;
			buildSettings = {
				PRODUCT_NAME = "$(TARGET_NAME)";
			};
			name = Debug;
		};
		B2A703BC1B3274760011EC87 /* Release */ = {
			isa = XCBuildConfiguration;
			buildSettings = {
				PRODUCT_NAME = "$(TARGET_NAME)";
			};
			name = Release;
		};
/* End XCBuildConfiguration section */

/* Begin XCConfigurationList section */
		B2A703AE1B3274760011EC87 /* Build configuration list for PBXProject "XProject" */ = {
			isa = XCConfigurationList;
			buildConfigurations = (
				B2A703B81B3274760011EC87 /* Debug */,
				B2A703B91B3274760011EC87 /* Release */,
			);
			defaultConfigurationIsVisible = 0;
			defaultConfigurationName = Release;
		};
		B2A703BA1B3274760011EC87 /* Build configuration list for PBXNativeTarget "XProject" */ = {
			isa = XCConfigurationList;
			buildConfigurations = (
				B2A703BB1B3274760011EC87 /* Debug */,
				B2A703BC1B3274760011EC87 /* Release */,
			);
			defaultConfigurationIsVisible = 0;
			defaultConfigurationName = Release;
		};
/* End XCConfigurationList section */
	};
	rootObject = B2A703AB1B3274760011EC87 /* Project object */;
}
